// !$*UTF8*$!
{
	archiveVersion = 1;
	classes = {
	};
	objectVersion = 56;
	objects = {

/* Begin PBXBuildFile section */
		3D3D7B392A81477D001D8093 /* AppDelegate.swift in Sources */ = {isa = PBXBuildFile; fileRef = 3D3D7B382A81477D001D8093 /* AppDelegate.swift */; };
		3D3D7B3B2A81477D001D8093 /* SceneDelegate.swift in Sources */ = {isa = PBXBuildFile; fileRef = 3D3D7B3A2A81477D001D8093 /* SceneDelegate.swift */; };
		3D3D7B3D2A81477D001D8093 /* ViewController.swift in Sources */ = {isa = PBXBuildFile; fileRef = 3D3D7B3C2A81477D001D8093 /* ViewController.swift */; };
		3D3D7B402A81477D001D8093 /* Main.storyboard in Resources */ = {isa = PBXBuildFile; fileRef = 3D3D7B3E2A81477D001D8093 /* Main.storyboard */; };
		3D3D7B422A81477E001D8093 /* Assets.xcassets in Resources */ = {isa = PBXBuildFile; fileRef = 3D3D7B412A81477E001D8093 /* Assets.xcassets */; };
		3D3D7B452A81477E001D8093 /* LaunchScreen.storyboard in Resources */ = {isa = PBXBuildFile; fileRef = 3D3D7B432A81477E001D8093 /* LaunchScreen.storyboard */; };
		3D3D7B4F2A814885001D8093 /* DynamicHeightCollectionView.swift in Sources */ = {isa = PBXBuildFile; fileRef = 3D3D7B4E2A814885001D8093 /* DynamicHeightCollectionView.swift */; };
		3D3D7B512A817693001D8093 /* LeftAlignedCollectionViewFlowLayout.swift in Sources */ = {isa = PBXBuildFile; fileRef = 3D3D7B502A817693001D8093 /* LeftAlignedCollectionViewFlowLayout.swift */; };
		3D3D7B532A81796D001D8093 /* SkillCell.swift in Sources */ = {isa = PBXBuildFile; fileRef = 3D3D7B522A81796D001D8093 /* SkillCell.swift */; };
		3D3D7B552A81797A001D8093 /* AddCell.swift in Sources */ = {isa = PBXBuildFile; fileRef = 3D3D7B542A81797A001D8093 /* AddCell.swift */; };
/* End PBXBuildFile section */

/* Begin PBXFileReference section */
		3D3D7B352A81477D001D8093 /* skillsCollectionView.app */ = {isa = PBXFileReference; explicitFileType = wrapper.application; includeInIndex = 0; path = skillsCollectionView.app; sourceTree = BUILT_PRODUCTS_DIR; };
		3D3D7B382A81477D001D8093 /* AppDelegate.swift */ = {isa = PBXFileReference; lastKnownFileType = sourcecode.swift; path = AppDelegate.swift; sourceTree = "<group>"; };
		3D3D7B3A2A81477D001D8093 /* SceneDelegate.swift */ = {isa = PBXFileReference; lastKnownFileType = sourcecode.swift; path = SceneDelegate.swift; sourceTree = "<group>"; };
		3D3D7B3C2A81477D001D8093 /* ViewController.swift */ = {isa = PBXFileReference; lastKnownFileType = sourcecode.swift; path = ViewController.swift; sourceTree = "<group>"; };
		3D3D7B3F2A81477D001D8093 /* Base */ = {isa = PBXFileReference; lastKnownFileType = file.storyboard; name = Base; path = Base.lproj/Main.storyboard; sourceTree = "<group>"; };
		3D3D7B412A81477E001D8093 /* Assets.xcassets */ = {isa = PBXFileReference; lastKnownFileType = folder.assetcatalog; path = Assets.xcassets; sourceTree = "<group>"; };
		3D3D7B442A81477E001D8093 /* Base */ = {isa = PBXFileReference; lastKnownFileType = file.storyboard; name = Base; path = Base.lproj/LaunchScreen.storyboard; sourceTree = "<group>"; };
		3D3D7B462A81477E001D8093 /* Info.plist */ = {isa = PBXFileReference; lastKnownFileType = text.plist.xml; path = Info.plist; sourceTree = "<group>"; };
		3D3D7B4E2A814885001D8093 /* DynamicHeightCollectionView.swift */ = {isa = PBXFileReference; lastKnownFileType = sourcecode.swift; path = DynamicHeightCollectionView.swift; sourceTree = "<group>"; };
		3D3D7B502A817693001D8093 /* LeftAlignedCollectionViewFlowLayout.swift */ = {isa = PBXFileReference; lastKnownFileType = sourcecode.swift; path = LeftAlignedCollectionViewFlowLayout.swift; sourceTree = "<group>"; };
		3D3D7B522A81796D001D8093 /* SkillCell.swift */ = {isa = PBXFileReference; lastKnownFileType = sourcecode.swift; path = SkillCell.swift; sourceTree = "<group>"; };
		3D3D7B542A81797A001D8093 /* AddCell.swift */ = {isa = PBXFileReference; lastKnownFileType = sourcecode.swift; path = AddCell.swift; sourceTree = "<group>"; };
/* End PBXFileReference section */

/* Begin PBXFrameworksBuildPhase section */
		3D3D7B322A81477D001D8093 /* Frameworks */ = {
			isa = PBXFrameworksBuildPhase;
			buildActionMask = 2147483647;
			files = (
			);
			runOnlyForDeploymentPostprocessing = 0;
		};
/* End PBXFrameworksBuildPhase section */

/* Begin PBXGroup section */
		3D3D7B2C2A81477D001D8093 = {
			isa = PBXGroup;
			children = (
				3D3D7B372A81477D001D8093 /* skillsCollectionView */,
				3D3D7B362A81477D001D8093 /* Products */,
			);
			sourceTree = "<group>";
		};
		3D3D7B362A81477D001D8093 /* Products */ = {
			isa = PBXGroup;
			children = (
				3D3D7B352A81477D001D8093 /* skillsCollectionView.app */,
			);
			name = Products;
			sourceTree = "<group>";
		};
		3D3D7B372A81477D001D8093 /* skillsCollectionView */ = {
			isa = PBXGroup;
			children = (
				3D3D7B4D2A814857001D8093 /* UIUtils */,
				3D3D7B382A81477D001D8093 /* AppDelegate.swift */,
				3D3D7B3A2A81477D001D8093 /* SceneDelegate.swift */,
				3D3D7B3C2A81477D001D8093 /* ViewController.swift */,
				3D3D7B3E2A81477D001D8093 /* Main.storyboard */,
				3D3D7B412A81477E001D8093 /* Assets.xcassets */,
				3D3D7B432A81477E001D8093 /* LaunchScreen.storyboard */,
				3D3D7B462A81477E001D8093 /* Info.plist */,
				3D3D7B522A81796D001D8093 /* SkillCell.swift */,
				3D3D7B542A81797A001D8093 /* AddCell.swift */,
			);
			path = skillsCollectionView;
			sourceTree = "<group>";
		};
		3D3D7B4D2A814857001D8093 /* UIUtils */ = {
			isa = PBXGroup;
			children = (
				3D3D7B4E2A814885001D8093 /* DynamicHeightCollectionView.swift */,
				3D3D7B502A817693001D8093 /* LeftAlignedCollectionViewFlowLayout.swift */,
			);
			path = UIUtils;
			sourceTree = "<group>";
		};
/* End PBXGroup section */

/* Begin PBXNativeTarget section */
		3D3D7B342A81477D001D8093 /* skillsCollectionView */ = {
			isa = PBXNativeTarget;
			buildConfigurationList = 3D3D7B492A81477E001D8093 /* Build configuration list for PBXNativeTarget "skillsCollectionView" */;
			buildPhases = (
				3D3D7B312A81477D001D8093 /* Sources */,
				3D3D7B322A81477D001D8093 /* Frameworks */,
				3D3D7B332A81477D001D8093 /* Resources */,
			);
			buildRules = (
			);
			dependencies = (
			);
			name = skillsCollectionView;
			productName = skillsCollectionView;
			productReference = 3D3D7B352A81477D001D8093 /* skillsCollectionView.app */;
			productType = "com.apple.product-type.application";
		};
/* End PBXNativeTarget section */

/* Begin PBXProject section */
		3D3D7B2D2A81477D001D8093 /* Project object */ = {
			isa = PBXProject;
			attributes = {
				BuildIndependentTargetsInParallel = 1;
				LastSwiftUpdateCheck = 1430;
				LastUpgradeCheck = 1430;
				TargetAttributes = {
					3D3D7B342A81477D001D8093 = {
						CreatedOnToolsVersion = 14.3.1;
					};
				};
			};
			buildConfigurationList = 3D3D7B302A81477D001D8093 /* Build configuration list for PBXProject "skillsCollectionView" */;
			compatibilityVersion = "Xcode 14.0";
			developmentRegion = en;
			hasScannedForEncodings = 0;
			knownRegions = (
				en,
				Base,
			);
			mainGroup = 3D3D7B2C2A81477D001D8093;
			productRefGroup = 3D3D7B362A81477D001D8093 /* Products */;
			projectDirPath = "";
			projectRoot = "";
			targets = (
				3D3D7B342A81477D001D8093 /* skillsCollectionView */,
			);
		};
/* End PBXProject section */

/* Begin PBXResourcesBuildPhase section */
		3D3D7B332A81477D001D8093 /* Resources */ = {
			isa = PBXResourcesBuildPhase;
			buildActionMask = 2147483647;
			files = (
				3D3D7B452A81477E001D8093 /* LaunchScreen.storyboard in Resources */,
				3D3D7B422A81477E001D8093 /* Assets.xcassets in Resources */,
				3D3D7B402A81477D001D8093 /* Main.storyboard in Resources */,
			);
			runOnlyForDeploymentPostprocessing = 0;
		};
/* End PBXResourcesBuildPhase section */

/* Begin PBXSourcesBuildPhase section */
		3D3D7B312A81477D001D8093 /* Sources */ = {
			isa = PBXSourcesBuildPhase;
			buildActionMask = 2147483647;
			files = (
				3D3D7B3D2A81477D001D8093 /* ViewController.swift in Sources */,
				3D3D7B532A81796D001D8093 /* SkillCell.swift in Sources */,
				3D3D7B392A81477D001D8093 /* AppDelegate.swift in Sources */,
				3D3D7B3B2A81477D001D8093 /* SceneDelegate.swift in Sources */,
				3D3D7B512A817693001D8093 /* LeftAlignedCollectionViewFlowLayout.swift in Sources */,
				3D3D7B552A81797A001D8093 /* AddCell.swift in Sources */,
				3D3D7B4F2A814885001D8093 /* DynamicHeightCollectionView.swift in Sources */,
			);
			runOnlyForDeploymentPostprocessing = 0;
		};
/* End PBXSourcesBuildPhase section */

/* Begin PBXVariantGroup section */
		3D3D7B3E2A81477D001D8093 /* Main.storyboard */ = {
			isa = PBXVariantGroup;
			children = (
				3D3D7B3F2A81477D001D8093 /* Base */,
			);
			name = Main.storyboard;
			sourceTree = "<group>";
		};
		3D3D7B432A81477E001D8093 /* LaunchScreen.storyboard */ = {
			isa = PBXVariantGroup;
			children = (
				3D3D7B442A81477E001D8093 /* Base */,
			);
			name = LaunchScreen.storyboard;
			sourceTree = "<group>";
		};
/* End PBXVariantGroup section */

/* Begin XCBuildConfiguration section */
		3D3D7B472A81477E001D8093 /* Debug */ = {
			isa = XCBuildConfiguration;
			buildSettings = {
				ALWAYS_SEARCH_USER_PATHS = NO;
				CLANG_ANALYZER_NONNULL = YES;
				CLANG_ANALYZER_NUMBER_OBJECT_CONVERSION = YES_AGGRESSIVE;
				CLANG_CXX_LANGUAGE_STANDARD = "gnu++20";
				CLANG_ENABLE_MODULES = YES;
				CLANG_ENABLE_OBJC_ARC = YES;
				CLANG_ENABLE_OBJC_WEAK = YES;
				CLANG_WARN_BLOCK_CAPTURE_AUTORELEASING = YES;
				CLANG_WARN_BOOL_CONVERSION = YES;
				CLANG_WARN_COMMA = YES;
				CLANG_WARN_CONSTANT_CONVERSION = YES;
				CLANG_WARN_DEPRECATED_OBJC_IMPLEMENTATIONS = YES;
				CLANG_WARN_DIRECT_OBJC_ISA_USAGE = YES_ERROR;
				CLANG_WARN_DOCUMENTATION_COMMENTS = YES;
				CLANG_WARN_EMPTY_BODY = YES;
				CLANG_WARN_ENUM_CONVERSION = YES;
				CLANG_WARN_INFINITE_RECURSION = YES;
				CLANG_WARN_INT_CONVERSION = YES;
				CLANG_WARN_NON_LITERAL_NULL_CONVERSION = YES;
				CLANG_WARN_OBJC_IMPLICIT_RETAIN_SELF = YES;
				CLANG_WARN_OBJC_LITERAL_CONVERSION = YES;
				CLANG_WARN_OBJC_ROOT_CLASS = YES_ERROR;
				CLANG_WARN_QUOTED_INCLUDE_IN_FRAMEWORK_HEADER = YES;
				CLANG_WARN_RANGE_LOOP_ANALYSIS = YES;
				CLANG_WARN_STRICT_PROTOTYPES = YES;
				CLANG_WARN_SUSPICIOUS_MOVE = YES;
				CLANG_WARN_UNGUARDED_AVAILABILITY = YES_AGGRESSIVE;
				CLANG_WARN_UNREACHABLE_CODE = YES;
				CLANG_WARN__DUPLICATE_METHOD_MATCH = YES;
				COPY_PHASE_STRIP = NO;
				DEBUG_INFORMATION_FORMAT = dwarf;
				ENABLE_STRICT_OBJC_MSGSEND = YES;
				ENABLE_TESTABILITY = YES;
				GCC_C_LANGUAGE_STANDARD = gnu11;
				GCC_DYNAMIC_NO_PIC = NO;
				GCC_NO_COMMON_BLOCKS = YES;
				GCC_OPTIMIZATION_LEVEL = 0;
				GCC_PREPROCESSOR_DEFINITIONS = (
					"DEBUG=1",
					"$(inherited)",
				);
				GCC_WARN_64_TO_32_BIT_CONVERSION = YES;
				GCC_WARN_ABOUT_RETURN_TYPE = YES_ERROR;
				GCC_WARN_UNDECLARED_SELECTOR = YES;
				GCC_WARN_UNINITIALIZED_AUTOS = YES_AGGRESSIVE;
				GCC_WARN_UNUSED_FUNCTION = YES;
				GCC_WARN_UNUSED_VARIABLE = YES;
				IPHONEOS_DEPLOYMENT_TARGET = 16.4;
				MTL_ENABLE_DEBUG_INFO = INCLUDE_SOURCE;
				MTL_FAST_MATH = YES;
				ONLY_ACTIVE_ARCH = YES;
				SDKROOT = iphoneos;
				SWIFT_ACTIVE_COMPILATION_CONDITIONS = DEBUG;
				SWIFT_OPTIMIZATION_LEVEL = "-Onone";
			};
			name = Debug;
		};
		3D3D7B482A81477E001D8093 /* Release */ = {
			isa = XCBuildConfiguration;
			buildSettings = {
				ALWAYS_SEARCH_USER_PATHS = NO;
				CLANG_ANALYZER_NONNULL = YES;
				CLANG_ANALYZER_NUMBER_OBJECT_CONVERSION = YES_AGGRESSIVE;
				CLANG_CXX_LANGUAGE_STANDARD = "gnu++20";
				CLANG_ENABLE_MODULES = YES;
				CLANG_ENABLE_OBJC_ARC = YES;
				CLANG_ENABLE_OBJC_WEAK = YES;
				CLANG_WARN_BLOCK_CAPTURE_AUTORELEASING = YES;
				CLANG_WARN_BOOL_CONVERSION = YES;
				CLANG_WARN_COMMA = YES;
				CLANG_WARN_CONSTANT_CONVERSION = YES;
				CLANG_WARN_DEPRECATED_OBJC_IMPLEMENTATIONS = YES;
				CLANG_WARN_DIRECT_OBJC_ISA_USAGE = YES_ERROR;
				CLANG_WARN_DOCUMENTATION_COMMENTS = YES;
				CLANG_WARN_EMPTY_BODY = YES;
				CLANG_WARN_ENUM_CONVERSION = YES;
				CLANG_WARN_INFINITE_RECURSION = YES;
				CLANG_WARN_INT_CONVERSION = YES;
				CLANG_WARN_NON_LITERAL_NULL_CONVERSION = YES;
				CLANG_WARN_OBJC_IMPLICIT_RETAIN_SELF = YES;
				CLANG_WARN_OBJC_LITERAL_CONVERSION = YES;
				CLANG_WARN_OBJC_ROOT_CLASS = YES_ERROR;
				CLANG_WARN_QUOTED_INCLUDE_IN_FRAMEWORK_HEADER = YES;
				CLANG_WARN_RANGE_LOOP_ANALYSIS = YES;
				CLANG_WARN_STRICT_PROTOTYPES = YES;
				CLANG_WARN_SUSPICIOUS_MOVE = YES;
				CLANG_WARN_UNGUARDED_AVAILABILITY = YES_AGGRESSIVE;
				CLANG_WARN_UNREACHABLE_CODE = YES;
				CLANG_WARN__DUPLICATE_METHOD_MATCH = YES;
				COPY_PHASE_STRIP = NO;
				DEBUG_INFORMATION_FORMAT = "dwarf-with-dsym";
				ENABLE_NS_ASSERTIONS = NO;
				ENABLE_STRICT_OBJC_MSGSEND = YES;
				GCC_C_LANGUAGE_STANDARD = gnu11;
				GCC_NO_COMMON_BLOCKS = YES;
				GCC_WARN_64_TO_32_BIT_CONVERSION = YES;
				GCC_WARN_ABOUT_RETURN_TYPE = YES_ERROR;
				GCC_WARN_UNDECLARED_SELECTOR = YES;
				GCC_WARN_UNINITIALIZED_AUTOS = YES_AGGRESSIVE;
				GCC_WARN_UNUSED_FUNCTION = YES;
				GCC_WARN_UNUSED_VARIABLE = YES;
				IPHONEOS_DEPLOYMENT_TARGET = 16.4;
				MTL_ENABLE_DEBUG_INFO = NO;
				MTL_FAST_MATH = YES;
				SDKROOT = iphoneos;
				SWIFT_COMPILATION_MODE = wholemodule;
				SWIFT_OPTIMIZATION_LEVEL = "-O";
				VALIDATE_PRODUCT = YES;
			};
			name = Release;
		};
		3D3D7B4A2A81477E001D8093 /* Debug */ = {
			isa = XCBuildConfiguration;
			buildSettings = {
				ASSETCATALOG_COMPILER_APPICON_NAME = AppIcon;
				ASSETCATALOG_COMPILER_GLOBAL_ACCENT_COLOR_NAME = AccentColor;
				CODE_SIGN_STYLE = Automatic;
				CURRENT_PROJECT_VERSION = 1;
				DEVELOPMENT_TEAM = QQXC2V882Q;
				GENERATE_INFOPLIST_FILE = YES;
				INFOPLIST_FILE = skillsCollectionView/Info.plist;
				INFOPLIST_KEY_UIApplicationSupportsIndirectInputEvents = YES;
				INFOPLIST_KEY_UILaunchStoryboardName = LaunchScreen;
				INFOPLIST_KEY_UIMainStoryboardFile = Main;
				INFOPLIST_KEY_UISupportedInterfaceOrientations_iPad = "UIInterfaceOrientationPortrait UIInterfaceOrientationPortraitUpsideDown UIInterfaceOrientationLandscapeLeft UIInterfaceOrientationLandscapeRight";
				INFOPLIST_KEY_UISupportedInterfaceOrientations_iPhone = "UIInterfaceOrientationPortrait UIInterfaceOrientationLandscapeLeft UIInterfaceOrientationLandscapeRight";
				LD_RUNPATH_SEARCH_PATHS = (
					"$(inherited)",
					"@executable_path/Frameworks",
				);
				MARKETING_VERSION = 1.0;
				PRODUCT_BUNDLE_IDENTIFIER = edxswift.skillsCollectionView;
				PRODUCT_NAME = "$(TARGET_NAME)";
				SWIFT_EMIT_LOC_STRINGS = YES;
				SWIFT_VERSION = 5.0;
				TARGETED_DEVICE_FAMILY = "1,2";
			};
			name = Debug;
		};
		3D3D7B4B2A81477E001D8093 /* Release */ = {
			isa = XCBuildConfiguration;
			buildSettings = {
				ASSETCATALOG_COMPILER_APPICON_NAME = AppIcon;
				ASSETCATALOG_COMPILER_GLOBAL_ACCENT_COLOR_NAME = AccentColor;
				CODE_SIGN_STYLE = Automatic;
				CURRENT_PROJECT_VERSION = 1;
				DEVELOPMENT_TEAM = QQXC2V882Q;
				GENERATE_INFOPLIST_FILE = YES;
				INFOPLIST_FILE = skillsCollectionView/Info.plist;
				INFOPLIST_KEY_UIApplicationSupportsIndirectInputEvents = YES;
				INFOPLIST_KEY_UILaunchStoryboardName = LaunchScreen;
				INFOPLIST_KEY_UIMainStoryboardFile = Main;
				INFOPLIST_KEY_UISupportedInterfaceOrientations_iPad = "UIInterfaceOrientationPortrait UIInterfaceOrientationPortraitUpsideDown UIInterfaceOrientationLandscapeLeft UIInterfaceOrientationLandscapeRight";
				INFOPLIST_KEY_UISupportedInterfaceOrientations_iPhone = "UIInterfaceOrientationPortrait UIInterfaceOrientationLandscapeLeft UIInterfaceOrientationLandscapeRight";
				LD_RUNPATH_SEARCH_PATHS = (
					"$(inherited)",
					"@executable_path/Frameworks",
				);
				MARKETING_VERSION = 1.0;
				PRODUCT_BUNDLE_IDENTIFIER = edxswift.skillsCollectionView;
				PRODUCT_NAME = "$(TARGET_NAME)";
				SWIFT_EMIT_LOC_STRINGS = YES;
				SWIFT_VERSION = 5.0;
				TARGETED_DEVICE_FAMILY = "1,2";
			};
			name = Release;
		};
/* End XCBuildConfiguration section */

/* Begin XCConfigurationList section */
		3D3D7B302A81477D001D8093 /* Build configuration list for PBXProject "skillsCollectionView" */ = {
			isa = XCConfigurationList;
			buildConfigurations = (
				3D3D7B472A81477E001D8093 /* Debug */,
				3D3D7B482A81477E001D8093 /* Release */,
			);
			defaultConfigurationIsVisible = 0;
			defaultConfigurationName = Release;
		};
		3D3D7B492A81477E001D8093 /* Build configuration list for PBXNativeTarget "skillsCollectionView" */ = {
			isa = XCConfigurationList;
			buildConfigurations = (
				3D3D7B4A2A81477E001D8093 /* Debug */,
				3D3D7B4B2A81477E001D8093 /* Release */,
			);
			defaultConfigurationIsVisible = 0;
			defaultConfigurationName = Release;
		};
/* End XCConfigurationList section */
	};
	rootObject = 3D3D7B2D2A81477D001D8093 /* Project object */;
}
